
Microsoft Visual Studio Solution File, Format Version 12.00
# Visual Studio Version 17
VisualStudioVersion = 17.0.31903.59
MinimumVisualStudioVersion = 10.0.40219.1
Project("{2150E333-8FDC-42A3-9474-1A3956D46DE8}") = "Microservices", "Microservices", "{C5105E13-4DE8-4DF8-B08C-54056D49C945}"
EndProject
Project("{2150E333-8FDC-42A3-9474-1A3956D46DE8}") = "Domain", "Domain", "{14D774B0-FA74-4B8B-8B75-57BEF1B6002F}"
EndProject
Project("{2150E333-8FDC-42A3-9474-1A3956D46DE8}") = "Infrastructure", "Infrastructure", "{D049D35F-6B35-48CF-B88E-4ECD7922FDAB}"
EndProject
Project("{2150E333-8FDC-42A3-9474-1A3956D46DE8}") = "Bus", "Bus", "{351C71CC-F882-41EF-A190-3D7EE8C98851}"
EndProject
Project("{2150E333-8FDC-42A3-9474-1A3956D46DE8}") = "IoC", "IoC", "{82FB3335-3252-4681-8665-30D2F0CBCACC}"
EndProject
Project("{2150E333-8FDC-42A3-9474-1A3956D46DE8}") = "Presentation", "Presentation", "{88C3D4CA-53F5-40D5-A263-58B7D6748125}"
EndProject
Project("{9A19103F-16F7-4668-BE54-9A1E7A4F7556}") = "MicroServicesRabbitMQ.Domain", "MicroServicesRabbitMQ.Domain\MicroServicesRabbitMQ.Domain.csproj", "{56DBFBBF-DF03-444A-8D2F-5F6024FE0E86}"
EndProject
Project("{9A19103F-16F7-4668-BE54-9A1E7A4F7556}") = "Microservice.Bus", "Microservice.Bus\Microservice.Bus.csproj", "{D1685537-6612-4C23-B26F-CC86C4BC346C}"
EndProject
Project("{FAE04EC0-301F-11D3-BF4B-00C04F79EFBC}") = "Microservices.IoC", "Microservices.IoC\Microservices.IoC.csproj", "{2D73EC84-3C92-48C7-AAFC-1F6CF2AABB80}"
EndProject
Global
	GlobalSection(SolutionConfigurationPlatforms) = preSolution
		Debug|Any CPU = Debug|Any CPU
		Release|Any CPU = Release|Any CPU
	EndGlobalSection
	GlobalSection(ProjectConfigurationPlatforms) = postSolution
		{56DBFBBF-DF03-444A-8D2F-5F6024FE0E86}.Debug|Any CPU.ActiveCfg = Debug|Any CPU
		{56DBFBBF-DF03-444A-8D2F-5F6024FE0E86}.Debug|Any CPU.Build.0 = Debug|Any CPU
		{56DBFBBF-DF03-444A-8D2F-5F6024FE0E86}.Release|Any CPU.ActiveCfg = Release|Any CPU
		{56DBFBBF-DF03-444A-8D2F-5F6024FE0E86}.Release|Any CPU.Build.0 = Release|Any CPU
		{D1685537-6612-4C23-B26F-CC86C4BC346C}.Debug|Any CPU.ActiveCfg = Debug|Any CPU
		{D1685537-6612-4C23-B26F-CC86C4BC346C}.Debug|Any CPU.Build.0 = Debug|Any CPU
		{D1685537-6612-4C23-B26F-CC86C4BC346C}.Release|Any CPU.ActiveCfg = Release|Any CPU
		{D1685537-6612-4C23-B26F-CC86C4BC346C}.Release|Any CPU.Build.0 = Release|Any CPU
		{2D73EC84-3C92-48C7-AAFC-1F6CF2AABB80}.Debug|Any CPU.ActiveCfg = Debug|Any CPU
		{2D73EC84-3C92-48C7-AAFC-1F6CF2AABB80}.Debug|Any CPU.Build.0 = Debug|Any CPU
		{2D73EC84-3C92-48C7-AAFC-1F6CF2AABB80}.Release|Any CPU.ActiveCfg = Release|Any CPU
		{2D73EC84-3C92-48C7-AAFC-1F6CF2AABB80}.Release|Any CPU.Build.0 = Release|Any CPU
	EndGlobalSection
	GlobalSection(SolutionProperties) = preSolution
		HideSolutionNode = FALSE
	EndGlobalSection
	GlobalSection(NestedProjects) = preSolution
		{351C71CC-F882-41EF-A190-3D7EE8C98851} = {D049D35F-6B35-48CF-B88E-4ECD7922FDAB}
		{82FB3335-3252-4681-8665-30D2F0CBCACC} = {D049D35F-6B35-48CF-B88E-4ECD7922FDAB}
		{56DBFBBF-DF03-444A-8D2F-5F6024FE0E86} = {14D774B0-FA74-4B8B-8B75-57BEF1B6002F}
		{D1685537-6612-4C23-B26F-CC86C4BC346C} = {351C71CC-F882-41EF-A190-3D7EE8C98851}
		{2D73EC84-3C92-48C7-AAFC-1F6CF2AABB80} = {82FB3335-3252-4681-8665-30D2F0CBCACC}
	EndGlobalSection
	GlobalSection(ExtensibilityGlobals) = postSolution
		SolutionGuid = {4B15B056-8451-4B8D-A09C-66CA945CA8F3}
	EndGlobalSection
EndGlobal
