
Microsoft Visual Studio Solution File, Format Version 12.00
# Visual Studio Version 17
VisualStudioVersion = 17.0.31903.59
MinimumVisualStudioVersion = 10.0.40219.1
Project("{2150E333-8FDC-42A3-9474-1A3956D46DE8}") = "Microservices", "Microservices", "{C5105E13-4DE8-4DF8-B08C-54056D49C945}"
EndProject
Project("{2150E333-8FDC-42A3-9474-1A3956D46DE8}") = "Domain", "Domain", "{14D774B0-FA74-4B8B-8B75-57BEF1B6002F}"
EndProject
Project("{2150E333-8FDC-42A3-9474-1A3956D46DE8}") = "Infrastructure", "Infrastructure", "{D049D35F-6B35-48CF-B88E-4ECD7922FDAB}"
EndProject
Project("{2150E333-8FDC-42A3-9474-1A3956D46DE8}") = "Bus", "Bus", "{351C71CC-F882-41EF-A190-3D7EE8C98851}"
EndProject
Project("{2150E333-8FDC-42A3-9474-1A3956D46DE8}") = "IoC", "IoC", "{82FB3335-3252-4681-8665-30D2F0CBCACC}"
EndProject
Project("{2150E333-8FDC-42A3-9474-1A3956D46DE8}") = "Presentation", "Presentation", "{88C3D4CA-53F5-40D5-A263-58B7D6748125}"
EndProject
Project("{9A19103F-16F7-4668-BE54-9A1E7A4F7556}") = "MicroServicesRabbitMQ.Domain", "MicroServicesRabbitMQ.Domain\MicroServicesRabbitMQ.Domain.csproj", "{56DBFBBF-DF03-444A-8D2F-5F6024FE0E86}"
EndProject
Project("{9A19103F-16F7-4668-BE54-9A1E7A4F7556}") = "Microservice.Bus", "Microservice.Bus\Microservice.Bus.csproj", "{D1685537-6612-4C23-B26F-CC86C4BC346C}"
EndProject
Project("{9A19103F-16F7-4668-BE54-9A1E7A4F7556}") = "Microservices.IoC", "Microservices.IoC\Microservices.IoC.csproj", "{2D73EC84-3C92-48C7-AAFC-1F6CF2AABB80}"
EndProject
Project("{2150E333-8FDC-42A3-9474-1A3956D46DE8}") = "Api", "Api", "{9B025043-E86F-40A4-9D92-FB8D1E1155CC}"
EndProject
Project("{2150E333-8FDC-42A3-9474-1A3956D46DE8}") = "Application", "Application", "{5FC1D45A-3901-4B48-983D-FCBCA0D57C0B}"
EndProject
Project("{2150E333-8FDC-42A3-9474-1A3956D46DE8}") = "Data", "Data", "{6BEEE033-EC45-48A1-96C5-097780724F01}"
EndProject
Project("{2150E333-8FDC-42A3-9474-1A3956D46DE8}") = "Domain", "Domain", "{9652C6DF-F1B5-4321-99C9-192025E7F9C3}"
EndProject
Project("{9A19103F-16F7-4668-BE54-9A1E7A4F7556}") = "Banking.Api", "Banking.Api\Banking.Api.csproj", "{AE9576C4-CCEA-4389-BFC5-B83E19C4CAD3}"
EndProject
Project("{9A19103F-16F7-4668-BE54-9A1E7A4F7556}") = "Banking.Application", "Banking.Application\Banking.Application.csproj", "{C60800DB-C8FF-485F-A353-CD99F25C4586}"
EndProject
Project("{9A19103F-16F7-4668-BE54-9A1E7A4F7556}") = "Banking.Data", "Banking.Data\Banking.Data.csproj", "{23C53CC7-859E-4823-85FA-929051FF9D4B}"
EndProject
Project("{9A19103F-16F7-4668-BE54-9A1E7A4F7556}") = "Banking.Domain", "Banking.Domain\Banking.Domain.csproj", "{74F227BE-0576-47BA-BABC-20FC670FE8F7}"
EndProject
Project("{2150E333-8FDC-42A3-9474-1A3956D46DE8}") = "Banking", "Banking", "{7EA17B9D-BED1-4FFC-ACFC-B4EB05AB0D5A}"
EndProject
Project("{2150E333-8FDC-42A3-9474-1A3956D46DE8}") = "Transfer", "Transfer", "{BF4BAF1A-E3B4-481B-B30B-EF9115AD5361}"
EndProject
Project("{2150E333-8FDC-42A3-9474-1A3956D46DE8}") = "Api", "Api", "{04F7773D-96F2-4B45-8CF5-0858F1AD9BE4}"
EndProject
Project("{2150E333-8FDC-42A3-9474-1A3956D46DE8}") = "Application", "Application", "{5D255F50-BB60-4BC3-BB74-BB8FED47AE88}"
EndProject
Project("{2150E333-8FDC-42A3-9474-1A3956D46DE8}") = "Data", "Data", "{4AE04A7F-7108-4A22-B918-8165B9DBF7C0}"
EndProject
Project("{2150E333-8FDC-42A3-9474-1A3956D46DE8}") = "Domain", "Domain", "{E95F15B9-0867-4A9A-A643-2D5972D9DA8C}"
EndProject
Project("{FAE04EC0-301F-11D3-BF4B-00C04F79EFBC}") = "Transfer.Api", "Transfer.Api\Transfer.Api.csproj", "{F7FE21FE-D9CF-4ECB-9852-C10EF311BC50}"
EndProject
Project("{FAE04EC0-301F-11D3-BF4B-00C04F79EFBC}") = "Transfer.Application", "Transfer.Application\Transfer.Application.csproj", "{D8C2A3EB-E378-47BF-A98A-9E10BF765EC8}"
EndProject
Project("{FAE04EC0-301F-11D3-BF4B-00C04F79EFBC}") = "Application.Data", "Application.Data\Application.Data.csproj", "{8ADC1C3B-4233-4B37-BAC6-F2877EC33357}"
EndProject
Project("{FAE04EC0-301F-11D3-BF4B-00C04F79EFBC}") = "Application.Domain", "Application.Domain\Application.Domain.csproj", "{6DDF89A3-52CD-4D46-8272-DB27D8DBFC22}"
EndProject
Global
	GlobalSection(SolutionConfigurationPlatforms) = preSolution
		Debug|Any CPU = Debug|Any CPU
		Release|Any CPU = Release|Any CPU
	EndGlobalSection
	GlobalSection(ProjectConfigurationPlatforms) = postSolution
		{56DBFBBF-DF03-444A-8D2F-5F6024FE0E86}.Debug|Any CPU.ActiveCfg = Debug|Any CPU
		{56DBFBBF-DF03-444A-8D2F-5F6024FE0E86}.Debug|Any CPU.Build.0 = Debug|Any CPU
		{56DBFBBF-DF03-444A-8D2F-5F6024FE0E86}.Release|Any CPU.ActiveCfg = Release|Any CPU
		{56DBFBBF-DF03-444A-8D2F-5F6024FE0E86}.Release|Any CPU.Build.0 = Release|Any CPU
		{D1685537-6612-4C23-B26F-CC86C4BC346C}.Debug|Any CPU.ActiveCfg = Debug|Any CPU
		{D1685537-6612-4C23-B26F-CC86C4BC346C}.Debug|Any CPU.Build.0 = Debug|Any CPU
		{D1685537-6612-4C23-B26F-CC86C4BC346C}.Release|Any CPU.ActiveCfg = Release|Any CPU
		{D1685537-6612-4C23-B26F-CC86C4BC346C}.Release|Any CPU.Build.0 = Release|Any CPU
		{2D73EC84-3C92-48C7-AAFC-1F6CF2AABB80}.Debug|Any CPU.ActiveCfg = Debug|Any CPU
		{2D73EC84-3C92-48C7-AAFC-1F6CF2AABB80}.Debug|Any CPU.Build.0 = Debug|Any CPU
		{2D73EC84-3C92-48C7-AAFC-1F6CF2AABB80}.Release|Any CPU.ActiveCfg = Release|Any CPU
		{2D73EC84-3C92-48C7-AAFC-1F6CF2AABB80}.Release|Any CPU.Build.0 = Release|Any CPU
		{AE9576C4-CCEA-4389-BFC5-B83E19C4CAD3}.Debug|Any CPU.ActiveCfg = Debug|Any CPU
		{AE9576C4-CCEA-4389-BFC5-B83E19C4CAD3}.Debug|Any CPU.Build.0 = Debug|Any CPU
		{AE9576C4-CCEA-4389-BFC5-B83E19C4CAD3}.Release|Any CPU.ActiveCfg = Release|Any CPU
		{AE9576C4-CCEA-4389-BFC5-B83E19C4CAD3}.Release|Any CPU.Build.0 = Release|Any CPU
		{C60800DB-C8FF-485F-A353-CD99F25C4586}.Debug|Any CPU.ActiveCfg = Debug|Any CPU
		{C60800DB-C8FF-485F-A353-CD99F25C4586}.Debug|Any CPU.Build.0 = Debug|Any CPU
		{C60800DB-C8FF-485F-A353-CD99F25C4586}.Release|Any CPU.ActiveCfg = Release|Any CPU
		{C60800DB-C8FF-485F-A353-CD99F25C4586}.Release|Any CPU.Build.0 = Release|Any CPU
		{23C53CC7-859E-4823-85FA-929051FF9D4B}.Debug|Any CPU.ActiveCfg = Debug|Any CPU
		{23C53CC7-859E-4823-85FA-929051FF9D4B}.Debug|Any CPU.Build.0 = Debug|Any CPU
		{23C53CC7-859E-4823-85FA-929051FF9D4B}.Release|Any CPU.ActiveCfg = Release|Any CPU
		{23C53CC7-859E-4823-85FA-929051FF9D4B}.Release|Any CPU.Build.0 = Release|Any CPU
		{74F227BE-0576-47BA-BABC-20FC670FE8F7}.Debug|Any CPU.ActiveCfg = Debug|Any CPU
		{74F227BE-0576-47BA-BABC-20FC670FE8F7}.Debug|Any CPU.Build.0 = Debug|Any CPU
		{74F227BE-0576-47BA-BABC-20FC670FE8F7}.Release|Any CPU.ActiveCfg = Release|Any CPU
		{74F227BE-0576-47BA-BABC-20FC670FE8F7}.Release|Any CPU.Build.0 = Release|Any CPU
		{F7FE21FE-D9CF-4ECB-9852-C10EF311BC50}.Debug|Any CPU.ActiveCfg = Debug|Any CPU
		{F7FE21FE-D9CF-4ECB-9852-C10EF311BC50}.Debug|Any CPU.Build.0 = Debug|Any CPU
		{F7FE21FE-D9CF-4ECB-9852-C10EF311BC50}.Release|Any CPU.ActiveCfg = Release|Any CPU
		{F7FE21FE-D9CF-4ECB-9852-C10EF311BC50}.Release|Any CPU.Build.0 = Release|Any CPU
		{D8C2A3EB-E378-47BF-A98A-9E10BF765EC8}.Debug|Any CPU.ActiveCfg = Debug|Any CPU
		{D8C2A3EB-E378-47BF-A98A-9E10BF765EC8}.Debug|Any CPU.Build.0 = Debug|Any CPU
		{D8C2A3EB-E378-47BF-A98A-9E10BF765EC8}.Release|Any CPU.ActiveCfg = Release|Any CPU
		{D8C2A3EB-E378-47BF-A98A-9E10BF765EC8}.Release|Any CPU.Build.0 = Release|Any CPU
		{8ADC1C3B-4233-4B37-BAC6-F2877EC33357}.Debug|Any CPU.ActiveCfg = Debug|Any CPU
		{8ADC1C3B-4233-4B37-BAC6-F2877EC33357}.Debug|Any CPU.Build.0 = Debug|Any CPU
		{8ADC1C3B-4233-4B37-BAC6-F2877EC33357}.Release|Any CPU.ActiveCfg = Release|Any CPU
		{8ADC1C3B-4233-4B37-BAC6-F2877EC33357}.Release|Any CPU.Build.0 = Release|Any CPU
		{6DDF89A3-52CD-4D46-8272-DB27D8DBFC22}.Debug|Any CPU.ActiveCfg = Debug|Any CPU
		{6DDF89A3-52CD-4D46-8272-DB27D8DBFC22}.Debug|Any CPU.Build.0 = Debug|Any CPU
		{6DDF89A3-52CD-4D46-8272-DB27D8DBFC22}.Release|Any CPU.ActiveCfg = Release|Any CPU
		{6DDF89A3-52CD-4D46-8272-DB27D8DBFC22}.Release|Any CPU.Build.0 = Release|Any CPU
	EndGlobalSection
	GlobalSection(SolutionProperties) = preSolution
		HideSolutionNode = FALSE
	EndGlobalSection
	GlobalSection(NestedProjects) = preSolution
		{351C71CC-F882-41EF-A190-3D7EE8C98851} = {D049D35F-6B35-48CF-B88E-4ECD7922FDAB}
		{82FB3335-3252-4681-8665-30D2F0CBCACC} = {D049D35F-6B35-48CF-B88E-4ECD7922FDAB}
		{56DBFBBF-DF03-444A-8D2F-5F6024FE0E86} = {14D774B0-FA74-4B8B-8B75-57BEF1B6002F}
		{D1685537-6612-4C23-B26F-CC86C4BC346C} = {351C71CC-F882-41EF-A190-3D7EE8C98851}
		{2D73EC84-3C92-48C7-AAFC-1F6CF2AABB80} = {82FB3335-3252-4681-8665-30D2F0CBCACC}
		{9B025043-E86F-40A4-9D92-FB8D1E1155CC} = {7EA17B9D-BED1-4FFC-ACFC-B4EB05AB0D5A}
		{5FC1D45A-3901-4B48-983D-FCBCA0D57C0B} = {7EA17B9D-BED1-4FFC-ACFC-B4EB05AB0D5A}
		{6BEEE033-EC45-48A1-96C5-097780724F01} = {7EA17B9D-BED1-4FFC-ACFC-B4EB05AB0D5A}
		{9652C6DF-F1B5-4321-99C9-192025E7F9C3} = {7EA17B9D-BED1-4FFC-ACFC-B4EB05AB0D5A}
		{AE9576C4-CCEA-4389-BFC5-B83E19C4CAD3} = {9B025043-E86F-40A4-9D92-FB8D1E1155CC}
		{C60800DB-C8FF-485F-A353-CD99F25C4586} = {5FC1D45A-3901-4B48-983D-FCBCA0D57C0B}
		{23C53CC7-859E-4823-85FA-929051FF9D4B} = {6BEEE033-EC45-48A1-96C5-097780724F01}
		{74F227BE-0576-47BA-BABC-20FC670FE8F7} = {9652C6DF-F1B5-4321-99C9-192025E7F9C3}
		{7EA17B9D-BED1-4FFC-ACFC-B4EB05AB0D5A} = {C5105E13-4DE8-4DF8-B08C-54056D49C945}
		{BF4BAF1A-E3B4-481B-B30B-EF9115AD5361} = {C5105E13-4DE8-4DF8-B08C-54056D49C945}
		{04F7773D-96F2-4B45-8CF5-0858F1AD9BE4} = {BF4BAF1A-E3B4-481B-B30B-EF9115AD5361}
		{5D255F50-BB60-4BC3-BB74-BB8FED47AE88} = {BF4BAF1A-E3B4-481B-B30B-EF9115AD5361}
		{4AE04A7F-7108-4A22-B918-8165B9DBF7C0} = {BF4BAF1A-E3B4-481B-B30B-EF9115AD5361}
		{E95F15B9-0867-4A9A-A643-2D5972D9DA8C} = {BF4BAF1A-E3B4-481B-B30B-EF9115AD5361}
		{F7FE21FE-D9CF-4ECB-9852-C10EF311BC50} = {04F7773D-96F2-4B45-8CF5-0858F1AD9BE4}
		{D8C2A3EB-E378-47BF-A98A-9E10BF765EC8} = {5D255F50-BB60-4BC3-BB74-BB8FED47AE88}
		{8ADC1C3B-4233-4B37-BAC6-F2877EC33357} = {4AE04A7F-7108-4A22-B918-8165B9DBF7C0}
		{6DDF89A3-52CD-4D46-8272-DB27D8DBFC22} = {E95F15B9-0867-4A9A-A643-2D5972D9DA8C}
	EndGlobalSection
	GlobalSection(ExtensibilityGlobals) = postSolution
		SolutionGuid = {4B15B056-8451-4B8D-A09C-66CA945CA8F3}
	EndGlobalSection
EndGlobal
